
Microsoft Visual Studio Solution File, Format Version 9.00
# Visual C++ Express 2005
Project("{8BC9CEB8-8B4A-11D0-8D11-00A0C91BC942}") = "NBI JNI Library", "NBI JNI Library.vcproj", "{AF9FBB45-6887-41CE-8DC2-915C5FB2AD45}"
EndProject
Global
	GlobalSection(SolutionConfigurationPlatforms) = preSolution
		Default-32bit|Windows = Default-32bit|Windows
		Default-64bit|Windows = Default-64bit|Windows
	EndGlobalSection
	GlobalSection(ProjectConfigurationPlatforms) = postSolution
		{AF9FBB45-6887-41CE-8DC2-915C5FB2AD45}.Default-32bit|Windows.ActiveCfg = Default-32bit|Win32
		{AF9FBB45-6887-41CE-8DC2-915C5FB2AD45}.Default-32bit|Windows.Build.0 = Default-32bit|Win32
		{AF9FBB45-6887-41CE-8DC2-915C5FB2AD45}.Default-64bit|Windows.ActiveCfg = Default-32bit|Win32
		{AF9FBB45-6887-41CE-8DC2-915C5FB2AD45}.Default-64bit|Windows.Build.0 = Default-32bit|Win32
	EndGlobalSection
	GlobalSection(SolutionProperties) = preSolution
		HideSolutionNode = FALSE
	EndGlobalSection
EndGlobal
