// !$*UTF8*$!
{
	archiveVersion = 1;
	classes = {
	};
	objectVersion = 38;
	objects = {
		080E96DDFE201D6D7F000001 = {
			children = (
				F5C2CFDE01EEEF48019C4B16,
				F5C2CFDF01EEEF48019C4B16,
				F5C2CFE001EEEF48019C4B16,
				F5C2CFE101EEEF48019C4B16,
			);
			isa = PBXGroup;
			name = Classes;
			refType = 4;
		};
		089C165CFE840E0CC02AAC07 = {
			children = (
				089C165DFE840E0CC02AAC07,
			);
			isa = PBXVariantGroup;
			name = InfoPlist.strings;
			refType = 4;
		};
		089C165DFE840E0CC02AAC07 = {
			fileEncoding = 10;
			isa = PBXFileReference;
			name = English;
			path = English.lproj/InfoPlist.strings;
			refType = 4;
		};
//080
//081
//082
//083
//084
//100
//101
//102
//103
//104
		1058C7A0FEA54F0111CA2CBB = {
			children = (
				F5D27BAD02000683019C4B16,
				1058C7A1FEA54F0111CA2CBB,
			);
			isa = PBXGroup;
			name = "Linked Frameworks";
			refType = 4;
		};
		1058C7A1FEA54F0111CA2CBB = {
			isa = PBXFrameworkReference;
			name = Cocoa.framework;
			path = /System/Library/Frameworks/Cocoa.framework;
			refType = 0;
		};
		1058C7A2FEA54F0111CA2CBB = {
			children = (
				29B97325FDCFA39411CA2CEA,
				29B97324FDCFA39411CA2CEA,
			);
			isa = PBXGroup;
			name = "Other Frameworks";
			refType = 4;
		};
		1058C7A3FEA54F0111CA2CBB = {
			fileRef = 1058C7A1FEA54F0111CA2CBB;
			isa = PBXBuildFile;
			settings = {
			};
		};
//100
//101
//102
//103
//104
//170
//171
//172
//173
//174
		17587328FF379C6511CA2CBB = {
			isa = PBXApplicationReference;
			path = NetBeansLauncher.app;
			refType = 3;
		};
//170
//171
//172
//173
//174
//190
//191
//192
//193
//194
		19C28FACFE9D520D11CA2CBB = {
			children = (
				17587328FF379C6511CA2CBB,
			);
			isa = PBXGroup;
			name = Products;
			refType = 4;
		};
//190
//191
//192
//193
//194
//290
//291
//292
//293
//294
		29B97313FDCFA39411CA2CEA = {
			buildStyles = (
				4A9504CCFFE6A4B311CA0CBA,
				4A9504CDFFE6A4B311CA0CBA,
			);
			hasScannedForEncodings = 1;
			isa = PBXProject;
			mainGroup = 29B97314FDCFA39411CA2CEA;
			projectDirPath = "";
			targets = (
				29B97326FDCFA39411CA2CEA,
			);
		};
		29B97314FDCFA39411CA2CEA = {
			children = (
				080E96DDFE201D6D7F000001,
				29B97315FDCFA39411CA2CEA,
				29B97317FDCFA39411CA2CEA,
				29B97323FDCFA39411CA2CEA,
				19C28FACFE9D520D11CA2CBB,
			);
			isa = PBXGroup;
			name = NetBeansLauncher;
			path = "";
			refType = 4;
		};
		29B97315FDCFA39411CA2CEA = {
			children = (
				29B97316FDCFA39411CA2CEA,
			);
			isa = PBXGroup;
			name = "Other Sources";
			path = "";
			refType = 4;
		};
		29B97316FDCFA39411CA2CEA = {
			fileEncoding = 30;
			isa = PBXFileReference;
			path = main.m;
			refType = 4;
		};
		29B97317FDCFA39411CA2CEA = {
			children = (
				F5D27BAF02000BA4019C4B16,
				F5C2CFE601EEEFC4019C4B16,
				089C165CFE840E0CC02AAC07,
				F532DB11028FF25E019C4B16,
			);
			isa = PBXGroup;
			name = Resources;
			path = "";
			refType = 4;
		};
		29B97323FDCFA39411CA2CEA = {
			children = (
				1058C7A0FEA54F0111CA2CBB,
				1058C7A2FEA54F0111CA2CBB,
			);
			isa = PBXGroup;
			name = Frameworks;
			path = "";
			refType = 4;
		};
		29B97324FDCFA39411CA2CEA = {
			isa = PBXFrameworkReference;
			name = AppKit.framework;
			path = /System/Library/Frameworks/AppKit.framework;
			refType = 0;
		};
		29B97325FDCFA39411CA2CEA = {
			isa = PBXFrameworkReference;
			name = Foundation.framework;
			path = /System/Library/Frameworks/Foundation.framework;
			refType = 0;
		};
		29B97326FDCFA39411CA2CEA = {
			buildPhases = (
				29B97327FDCFA39411CA2CEA,
				29B97328FDCFA39411CA2CEA,
				29B9732BFDCFA39411CA2CEA,
				29B9732DFDCFA39411CA2CEA,
				F5D27BAB0200053F019C4B16,
			);
			buildSettings = {
				FRAMEWORK_SEARCH_PATHS = "";
				HEADER_SEARCH_PATHS = "";
				INSTALL_PATH = "$(HOME)/Applications";
				LIBRARY_SEARCH_PATHS = "";
				OTHER_CFLAGS = "";
				OTHER_LDFLAGS = "";
				PRODUCT_NAME = NetBeansLauncher;
				SECTORDER_FLAGS = "";
				WARNING_CFLAGS = "-Wmost -Wno-four-char-constants -Wno-unknown-pragmas";
				WRAPPER_EXTENSION = app;
			};
			dependencies = (
			);
			isa = PBXApplicationTarget;
			name = NetBeansLauncher;
			productInstallPath = "$(HOME)/Applications";
			productName = NetBeansLauncher;
			productReference = 17587328FF379C6511CA2CBB;
			productSettingsXML = "<?xml version=\"1.0\" encoding=\"UTF-8\"?>
<!DOCTYPE plist PUBLIC \"-//Apple Computer//DTD PLIST 1.0//EN\" \"http://www.apple.com/DTDs/PropertyList-1.0.dtd\">
<plist version=\"1.0\">
<dict>
	<key>CFBundleDevelopmentRegion</key>
	<string>English</string>
	<key>CFBundleExecutable</key>
	<string>NetBeansLauncher</string>
	<key>CFBundleIconFile</key>
	<string>netbeans.icns</string>
	<key>CFBundleInfoDictionaryVersion</key>
	<string>6.0</string>
	<key>CFBundleName</key>
	<string>NetBeansLauncher</string>
	<key>CFBundlePackageType</key>
	<string>APPL</string>
	<key>CFBundleShortVersionString</key>
	<string>1.4.1</string>
	<key>CFBundleSignature</key>
	<string>????</string>
	<key>CFBundleVersion</key>
	<string>1.4.1</string>
	<key>NSMainNibFile</key>
	<string>MainMenu</string>
	<key>NSPrincipalClass</key>
	<string>NSApplication</string>
</dict>
</plist>
";
		};
		29B97327FDCFA39411CA2CEA = {
			buildActionMask = 2147483647;
			files = (
				F5C2CFE201EEEF48019C4B16,
				F5C2CFE301EEEF48019C4B16,
			);
			isa = PBXHeadersBuildPhase;
			runOnlyForDeploymentPostprocessing = 0;
		};
		29B97328FDCFA39411CA2CEA = {
			buildActionMask = 2147483647;
			files = (
				F5C2D13F01EEF10D019C4B16,
				F5D27BB102000BA4019C4B16,
				F532DB13028FF25F019C4B16,
				8B1F7BBA0420DAE8009C4B16,
			);
			isa = PBXResourcesBuildPhase;
			runOnlyForDeploymentPostprocessing = 0;
		};
		29B9732BFDCFA39411CA2CEA = {
			buildActionMask = 2147483647;
			files = (
				29B9732CFDCFA39411CA2CEA,
				F5C2CFE401EEEF48019C4B16,
				F5C2CFE501EEEF48019C4B16,
			);
			isa = PBXSourcesBuildPhase;
			runOnlyForDeploymentPostprocessing = 0;
		};
		29B9732CFDCFA39411CA2CEA = {
			fileRef = 29B97316FDCFA39411CA2CEA;
			isa = PBXBuildFile;
			settings = {
				ATTRIBUTES = (
				);
			};
		};
		29B9732DFDCFA39411CA2CEA = {
			buildActionMask = 2147483647;
			files = (
				1058C7A3FEA54F0111CA2CBB,
				F5D27BAE02000683019C4B16,
			);
			isa = PBXFrameworksBuildPhase;
			runOnlyForDeploymentPostprocessing = 0;
		};
//290
//291
//292
//293
//294
//4A0
//4A1
//4A2
//4A3
//4A4
		4A9504CCFFE6A4B311CA0CBA = {
			buildRules = (
			);
			buildSettings = {
				COPY_PHASE_STRIP = NO;
				OPTIMIZATION_CFLAGS = "-O0";
			};
			isa = PBXBuildStyle;
			name = Development;
		};
		4A9504CDFFE6A4B311CA0CBA = {
			buildRules = (
			);
			buildSettings = {
				COPY_PHASE_STRIP = YES;
			};
			isa = PBXBuildStyle;
			name = Deployment;
		};
//4A0
//4A1
//4A2
//4A3
//4A4
//8B0
//8B1
//8B2
//8B3
//8B4
		8B1F7BBA0420DAE8009C4B16 = {
			fileRef = 089C165CFE840E0CC02AAC07;
			isa = PBXBuildFile;
			settings = {
			};
		};
//8B0
//8B1
//8B2
//8B3
//8B4
//F50
//F51
//F52
//F53
//F54
		F532DB11028FF25E019C4B16 = {
			children = (
				F532DB12028FF25E019C4B16,
			);
			isa = PBXVariantGroup;
			name = Localizable.strings;
			path = "";
			refType = 4;
		};
		F532DB12028FF25E019C4B16 = {
			fileEncoding = 30;
			isa = PBXFileReference;
			name = English;
			path = English.lproj/Localizable.strings;
			refType = 4;
		};
		F532DB13028FF25F019C4B16 = {
			fileRef = F532DB11028FF25E019C4B16;
			isa = PBXBuildFile;
			settings = {
			};
		};
		F5C2CFDE01EEEF48019C4B16 = {
			fileEncoding = 30;
			isa = PBXFileReference;
			path = NBExecutor.h;
			refType = 4;
		};
		F5C2CFDF01EEEF48019C4B16 = {
			fileEncoding = 30;
			isa = PBXFileReference;
			path = NBExecutor.m;
			refType = 4;
		};
		F5C2CFE001EEEF48019C4B16 = {
			fileEncoding = 30;
			isa = PBXFileReference;
			path = NBPreferences.h;
			refType = 4;
		};
		F5C2CFE101EEEF48019C4B16 = {
			fileEncoding = 30;
			isa = PBXFileReference;
			path = NBPreferences.m;
			refType = 4;
		};
		F5C2CFE201EEEF48019C4B16 = {
			fileRef = F5C2CFDE01EEEF48019C4B16;
			isa = PBXBuildFile;
			settings = {
			};
		};
		F5C2CFE301EEEF48019C4B16 = {
			fileRef = F5C2CFE001EEEF48019C4B16;
			isa = PBXBuildFile;
			settings = {
			};
		};
		F5C2CFE401EEEF48019C4B16 = {
			fileRef = F5C2CFDF01EEEF48019C4B16;
			isa = PBXBuildFile;
			settings = {
			};
		};
		F5C2CFE501EEEF48019C4B16 = {
			fileRef = F5C2CFE101EEEF48019C4B16;
			isa = PBXBuildFile;
			settings = {
			};
		};
		F5C2CFE601EEEFC4019C4B16 = {
			isa = PBXFileReference;
			path = netbeans.icns;
			refType = 4;
		};
		F5C2D13F01EEF10D019C4B16 = {
			fileRef = F5C2CFE601EEEFC4019C4B16;
			isa = PBXBuildFile;
			settings = {
			};
		};
		F5D27BAB0200053F019C4B16 = {
			buildActionMask = 2147483647;
			dstPath = "";
			dstSubfolderSpec = 7;
			files = (
			);
			isa = PBXCopyFilesBuildPhase;
			runOnlyForDeploymentPostprocessing = 0;
		};
		F5D27BAD02000683019C4B16 = {
			isa = PBXFrameworkReference;
			name = JavaVM.framework;
			path = /System/Library/Frameworks/JavaVM.framework;
			refType = 0;
		};
		F5D27BAE02000683019C4B16 = {
			fileRef = F5D27BAD02000683019C4B16;
			isa = PBXBuildFile;
			settings = {
			};
		};
		F5D27BAF02000BA4019C4B16 = {
			children = (
				F5D27BB002000BA4019C4B16,
			);
			isa = PBXVariantGroup;
			name = MainMenu.nib;
			path = "";
			refType = 4;
		};
		F5D27BB002000BA4019C4B16 = {
			isa = PBXFileReference;
			name = English;
			path = English.lproj/MainMenu.nib;
			refType = 4;
		};
		F5D27BB102000BA4019C4B16 = {
			fileRef = F5D27BAF02000BA4019C4B16;
			isa = PBXBuildFile;
			settings = {
			};
		};
	};
	rootObject = 29B97313FDCFA39411CA2CEA;
}
