{
	"name": "apache-netbeans-java",
	"version": "0.1.0",
	"lockfileVersion": 1,
	"requires": true,
	"dependencies": {
		"@types/glob": {
			"version": "7.1.3",
			"resolved": "https://registry.npmjs.org/@types/glob/-/glob-7.1.3.tgz",
			"integrity": "sha512-SEYeGAIQIQX8NN6LDKprLjbrd5dARM5EXsd8GI/A5l0apYI1fGMWgPHSe4ZKL4eozlAyI+doUE9XbYS4xCkQ1w==",
			"dev": true,
			"requires": {
				"@types/minimatch": "*",
				"@types/node": "*"
			}
		},
		"@types/minimatch": {
			"version": "3.0.3",
			"resolved": "https://registry.npmjs.org/@types/minimatch/-/minimatch-3.0.3.tgz",
			"integrity": "sha512-tHq6qdbT9U1IRSGf14CL0pUlULksvY9OZ+5eEgl1N7t+OA3tGvNpxJCzuKQlsNgCVwbAs670L1vcVQi8j9HjnA==",
			"dev": true
		},
		"@types/mocha": {
			"version": "9.0.0",
			"resolved": "https://registry.npmjs.org/@types/mocha/-/mocha-9.0.0.tgz",
			"integrity": "sha512-scN0hAWyLVAvLR9AyW7HoFF5sJZglyBsbPuHO4fv7JRvfmPBMfp1ozWqOf/e4wwPNxezBZXRfWzMb6iFLgEVRA==",
			"dev": true
		},
		"@types/node": {
			"version": "13.13.15",
			"resolved": "https://registry.npmjs.org/@types/node/-/node-13.13.15.tgz",
			"integrity": "sha512-kwbcs0jySLxzLsa2nWUAGOd/s21WU1jebrEdtzhsj1D4Yps1EOuyI1Qcu+FD56dL7NRNIJtDDjcqIG22NwkgLw==",
			"dev": true
		},
		"@types/ps-node": {
			"version": "0.1.0",
			"resolved": "https://registry.npmjs.org/@types/ps-node/-/ps-node-0.1.0.tgz",
			"integrity": "sha512-HI5l+f38o93x81mbOWZ1IEzj87rGCHfN4A4QyCU1MuViT5Slvlo5F+YVvmBFHfZsEGi0Lo8TghWU2Ew6vBILNA==",
			"dev": true
		},
		"@types/vscode": {
			"version": "1.60.0",
			"resolved": "https://registry.npmjs.org/@types/vscode/-/vscode-1.60.0.tgz",
			"integrity": "sha512-wZt3VTmzYrgZ0l/3QmEbCq4KAJ71K3/hmMQ/nfpv84oH8e81KKwPEoQ5v8dNCxfHFVJ1JabHKmCvqdYOoVm1Ow==",
			"dev": true
		},
		"@ungap/promise-all-settled": {
			"version": "1.1.2",
			"resolved": "https://registry.npmjs.org/@ungap/promise-all-settled/-/promise-all-settled-1.1.2.tgz",
			"integrity": "sha512-sL/cEvJWAnClXw0wHk85/2L0G6Sj8UB0Ctc1TEMbKSsmpRosqhwj9gWgFRZSrBr2f9tiXISwNhCPmlfqUqyb9Q==",
			"dev": true
		},
		"agent-base": {
			"version": "4.3.0",
			"resolved": "https://registry.npmjs.org/agent-base/-/agent-base-4.3.0.tgz",
			"integrity": "sha512-salcGninV0nPrwpGNn4VTXBb1SOuXQBiqbrNXoeizJsHrsL6ERFM2Ne3JUSBWRE6aeNJI2ROP/WEEIDUiDe3cg==",
			"dev": true,
			"requires": {
				"es6-promisify": "^5.0.0"
			}
		},
		"ansi-colors": {
			"version": "4.1.1",
			"resolved": "https://registry.npmjs.org/ansi-colors/-/ansi-colors-4.1.1.tgz",
			"integrity": "sha512-JoX0apGbHaUJBNl6yF+p6JAFYZ666/hhCGKN5t9QFjbJQKUU/g8MNbFDbvfrgKXvI1QpZplPOnwIo99lX/AAmA==",
			"dev": true
		},
		"ansi-regex": {
			"version": "5.0.1",
			"resolved": "https://registry.npmjs.org/ansi-regex/-/ansi-regex-5.0.1.tgz",
			"integrity": "sha512-quJQXlTSUGL2LH9SUXo8VwsY4soanhgo6LNSm84E1LBcE8s3O0wpdiRzyR9z/ZZJMlMWv37qOOb9pdJlMUEKFQ==",
			"dev": true
		},
		"ansi-styles": {
			"version": "4.3.0",
			"resolved": "https://registry.npmjs.org/ansi-styles/-/ansi-styles-4.3.0.tgz",
			"integrity": "sha512-zbB9rCJAT1rbjiVDb2hqKFHNYLxgtk8NURxZ3IZwD3F6NtxbXZQCnnSi1Lkx+IDohdPlFp222wVALIheZJQSEg==",
			"dev": true,
			"requires": {
				"color-convert": "^2.0.1"
			}
		},
		"anymatch": {
			"version": "3.1.2",
			"resolved": "https://registry.npmjs.org/anymatch/-/anymatch-3.1.2.tgz",
			"integrity": "sha512-P43ePfOAIupkguHUycrc4qJ9kz8ZiuOUijaETwX7THt0Y/GNK7v0aa8rY816xWjZ7rJdA5XdMcpVFTKMq+RvWg==",
			"dev": true,
			"requires": {
				"normalize-path": "^3.0.0",
				"picomatch": "^2.0.4"
			}
		},
		"argparse": {
			"version": "2.0.1",
			"resolved": "https://registry.npmjs.org/argparse/-/argparse-2.0.1.tgz",
			"integrity": "sha512-8+9WqebbFzpX9OR+Wa6O29asIogeRMzcGtAINdpMHHyAg10f05aSFVBbcEqGf/PXw1EjAZ+q2/bEBg3DvurK3Q==",
			"dev": true
		},
		"balanced-match": {
			"version": "1.0.0",
			"resolved": "https://registry.npmjs.org/balanced-match/-/balanced-match-1.0.0.tgz",
			"integrity": "sha1-ibTRmasr7kneFk6gK4nORi1xt2c="
		},
		"binary-extensions": {
			"version": "2.2.0",
			"resolved": "https://registry.npmjs.org/binary-extensions/-/binary-extensions-2.2.0.tgz",
			"integrity": "sha512-jDctJ/IVQbZoJykoeHbhXpOlNBqGNcwXJKJog42E5HDPUwQTSdjCHdihjj0DlnheQ7blbT6dHOafNAiS8ooQKA==",
			"dev": true
		},
		"brace-expansion": {
			"version": "1.1.11",
			"resolved": "https://registry.npmjs.org/brace-expansion/-/brace-expansion-1.1.11.tgz",
			"integrity": "sha512-iCuPHDFgrHX7H2vEI/5xpz07zSHB00TpugqhmYtVmMO6518mCuRMoOYFldEBl0g187ufozdaHgWKcYFb61qGiA==",
			"requires": {
				"balanced-match": "^1.0.0",
				"concat-map": "0.0.1"
			}
		},
		"braces": {
			"version": "3.0.2",
			"resolved": "https://registry.npmjs.org/braces/-/braces-3.0.2.tgz",
			"integrity": "sha512-b8um+L1RzM3WDSzvhm6gIz1yfTbBt6YTlcEKAvsmqCZZFw46z626lVj9j1yEPW33H5H+lBQpZMP1k8l+78Ha0A==",
			"dev": true,
			"requires": {
				"fill-range": "^7.0.1"
			}
		},
		"browser-stdout": {
			"version": "1.3.1",
			"resolved": "https://registry.npmjs.org/browser-stdout/-/browser-stdout-1.3.1.tgz",
			"integrity": "sha512-qhAVI1+Av2X7qelOfAIYwXONood6XlZE/fXaBSmW/T5SzLAmCgzi+eiWE7fUvbHaeNBQH13UftjpXxsfLkMpgw==",
			"dev": true
		},
		"camelcase": {
			"version": "6.2.0",
			"resolved": "https://registry.npmjs.org/camelcase/-/camelcase-6.2.0.tgz",
			"integrity": "sha512-c7wVvbw3f37nuobQNtgsgG9POC9qMbNuMQmTCqZv23b6MIz0fcYpBiOlv9gEN/hdLdnZTDQhg6e9Dq5M1vKvfg==",
			"dev": true
		},
		"chalk": {
			"version": "4.1.2",
			"resolved": "https://registry.npmjs.org/chalk/-/chalk-4.1.2.tgz",
			"integrity": "sha512-oKnbhFyRIXpUuez8iBMmyEa4nbj4IOQyuhc/wy9kY7/WVPcwIO9VA668Pu8RkO7+0G76SLROeyw9CpQ061i4mA==",
			"dev": true,
			"requires": {
				"ansi-styles": "^4.1.0",
				"supports-color": "^7.1.0"
			},
			"dependencies": {
				"supports-color": {
					"version": "7.2.0",
					"resolved": "https://registry.npmjs.org/supports-color/-/supports-color-7.2.0.tgz",
					"integrity": "sha512-qpCAvRl9stuOHveKsn7HncJRvv501qIacKzQlO/+Lwxc9+0q2wLyv4Dfvt80/DPn2pqOBsJdDiogXGR9+OvwRw==",
					"dev": true,
					"requires": {
						"has-flag": "^4.0.0"
					}
				}
			}
		},
		"chokidar": {
			"version": "3.5.2",
			"resolved": "https://registry.npmjs.org/chokidar/-/chokidar-3.5.2.tgz",
			"integrity": "sha512-ekGhOnNVPgT77r4K/U3GDhu+FQ2S8TnK/s2KbIGXi0SZWuwkZ2QNyfWdZW+TVfn84DpEP7rLeCt2UI6bJ8GwbQ==",
			"dev": true,
			"requires": {
				"anymatch": "~3.1.2",
				"braces": "~3.0.2",
				"fsevents": "~2.3.2",
				"glob-parent": "~5.1.2",
				"is-binary-path": "~2.1.0",
				"is-glob": "~4.0.1",
				"normalize-path": "~3.0.0",
				"readdirp": "~3.6.0"
			}
		},
		"cliui": {
			"version": "7.0.4",
			"resolved": "https://registry.npmjs.org/cliui/-/cliui-7.0.4.tgz",
			"integrity": "sha512-OcRE68cOsVMXp1Yvonl/fzkQOyjLSu/8bhPDfQt0e0/Eb283TKP20Fs2MqoPsr9SwA595rRCA+QMzYc9nBP+JQ==",
			"dev": true,
			"requires": {
				"string-width": "^4.2.0",
				"strip-ansi": "^6.0.0",
				"wrap-ansi": "^7.0.0"
			}
		},
		"color-convert": {
			"version": "2.0.1",
			"resolved": "https://registry.npmjs.org/color-convert/-/color-convert-2.0.1.tgz",
			"integrity": "sha512-RRECPsj7iu/xb5oKYcsFHSppFNnsj/52OVTRKb4zP5onXwVF3zVmmToNcOfGC+CRDpfK/U584fMg38ZHCaElKQ==",
			"dev": true,
			"requires": {
				"color-name": "~1.1.4"
			}
		},
		"color-name": {
			"version": "1.1.4",
			"resolved": "https://registry.npmjs.org/color-name/-/color-name-1.1.4.tgz",
			"integrity": "sha512-dOy+3AuW3a2wNbZHIuMZpTcgjGuLU/uBL/ubcZF9OXbDo8ff4O8yVp5Bf0efS8uEoYo5q4Fx7dY9OgQGXgAsQA==",
			"dev": true
		},
		"concat-map": {
			"version": "0.0.1",
			"resolved": "https://registry.npmjs.org/concat-map/-/concat-map-0.0.1.tgz",
			"integrity": "sha1-2Klr13/Wjfd5OnMDajug1UBdR3s="
		},
		"connected-domain": {
			"version": "1.0.0",
			"resolved": "https://registry.npmjs.org/connected-domain/-/connected-domain-1.0.0.tgz",
			"integrity": "sha1-v+dyOMdL5FOnnwy2BY3utPI1jpM=",
			"dev": true
		},
		"debug": {
			"version": "4.3.2",
			"resolved": "https://registry.npmjs.org/debug/-/debug-4.3.2.tgz",
			"integrity": "sha512-mOp8wKcvj7XxC78zLgw/ZA+6TSgkoE2C/ienthhRD298T7UNwAg9diBpLRxC0mOezLl4B0xV7M0cCO6P/O0Xhw==",
			"dev": true,
			"requires": {
				"ms": "2.1.2"
			}
		},
		"decamelize": {
			"version": "4.0.0",
			"resolved": "https://registry.npmjs.org/decamelize/-/decamelize-4.0.0.tgz",
			"integrity": "sha512-9iE1PgSik9HeIIw2JO94IidnE3eBoQrFJ3w7sFuzSX4DpmZ3v5sZpUiV5Swcf6mQEF+Y0ru8Neo+p+nyh2J+hQ==",
			"dev": true
		},
		"diff": {
			"version": "5.0.0",
			"resolved": "https://registry.npmjs.org/diff/-/diff-5.0.0.tgz",
			"integrity": "sha512-/VTCrvm5Z0JGty/BWHljh+BAiw3IK+2j87NGMu8Nwc/f48WoDAC395uomO9ZD117ZOBaHmkX1oyLvkVM/aIT3w==",
			"dev": true
		},
		"emoji-regex": {
			"version": "8.0.0",
			"resolved": "https://registry.npmjs.org/emoji-regex/-/emoji-regex-8.0.0.tgz",
			"integrity": "sha512-MSjYzcWNOA0ewAHpz0MxpYFvwg6yjy1NG3xteoqz644VCo/RPgnr1/GGt+ic3iJTzQ8Eu3TdM14SawnVUmGE6A==",
			"dev": true
		},
		"es6-promise": {
			"version": "4.2.8",
			"resolved": "https://registry.npmjs.org/es6-promise/-/es6-promise-4.2.8.tgz",
			"integrity": "sha512-HJDGx5daxeIvxdBxvG2cb9g4tEvwIk3i8+nhX0yGrYmZUzbkdg8QbDevheDB8gd0//uPj4c1EQua8Q+MViT0/w==",
			"dev": true
		},
		"es6-promisify": {
			"version": "5.0.0",
			"resolved": "https://registry.npmjs.org/es6-promisify/-/es6-promisify-5.0.0.tgz",
			"integrity": "sha1-UQnWLz5W6pZ8S2NQWu8IKRyKUgM=",
			"dev": true,
			"requires": {
				"es6-promise": "^4.0.3"
			}
		},
		"escalade": {
			"version": "3.1.1",
			"resolved": "https://registry.npmjs.org/escalade/-/escalade-3.1.1.tgz",
			"integrity": "sha512-k0er2gUkLf8O0zKJiAhmkTnJlTvINGv7ygDNPbeIsX/TJjGJZHuh9B2UxbsaEkmlEo9MfhrSzmhIlhRlI2GXnw==",
			"dev": true
		},
		"escape-string-regexp": {
			"version": "4.0.0",
			"resolved": "https://registry.npmjs.org/escape-string-regexp/-/escape-string-regexp-4.0.0.tgz",
			"integrity": "sha512-TtpcNJ3XAzx3Gq8sWRzJaVajRs0uVxA2YAkdb1jm2YkPz4G6egUFAyA3n5vtEIZefPk5Wa4UXbKuS5fKkJWdgA==",
			"dev": true
		},
		"fill-range": {
			"version": "7.0.1",
			"resolved": "https://registry.npmjs.org/fill-range/-/fill-range-7.0.1.tgz",
			"integrity": "sha512-qOo9F+dMUmC2Lcb4BbVvnKJxTPjCm+RRpe4gDuGrzkL7mEVl/djYSu2OdQ2Pa302N4oqkSg9ir6jaLWJ2USVpQ==",
			"dev": true,
			"requires": {
				"to-regex-range": "^5.0.1"
			}
		},
		"find-up": {
			"version": "5.0.0",
			"resolved": "https://registry.npmjs.org/find-up/-/find-up-5.0.0.tgz",
			"integrity": "sha512-78/PXT1wlLLDgTzDs7sjq9hzz0vXD+zn+7wypEe4fXQxCmdmqfGsEPQxmiCSQI3ajFV91bVSsvNtrJRiW6nGng==",
			"dev": true,
			"requires": {
				"locate-path": "^6.0.0",
				"path-exists": "^4.0.0"
			}
		},
		"flat": {
			"version": "5.0.2",
			"resolved": "https://registry.npmjs.org/flat/-/flat-5.0.2.tgz",
			"integrity": "sha512-b6suED+5/3rTpUBdG1gupIl8MPFCAMA0QXwmljLhvCUKcUvdE4gWky9zpuGCcXHOsz4J9wPGNWq6OKpmIzz3hQ==",
			"dev": true
		},
		"fs.realpath": {
			"version": "1.0.0",
			"resolved": "https://registry.npmjs.org/fs.realpath/-/fs.realpath-1.0.0.tgz",
			"integrity": "sha1-FQStJSMVjKpA20onh8sBQRmU6k8=",
			"dev": true
		},
		"fsevents": {
			"version": "2.3.2",
			"resolved": "https://registry.npmjs.org/fsevents/-/fsevents-2.3.2.tgz",
			"integrity": "sha512-xiqMQR4xAeHTuB9uWm+fFRcIOgKBMiOBP+eXiyT7jsgVCq1bkVygt00oASowB7EdtpOHaaPgKt812P9ab+DDKA==",
			"dev": true,
			"optional": true
		},
		"get-caller-file": {
			"version": "2.0.5",
			"resolved": "https://registry.npmjs.org/get-caller-file/-/get-caller-file-2.0.5.tgz",
			"integrity": "sha512-DyFP3BM/3YHTQOCUL/w0OZHR0lpKeGrxotcHWcqNEdnltqFwXVfhEBQ94eIo34AfQpo0rGki4cyIiftY06h2Fg==",
			"dev": true
		},
		"glob": {
			"version": "7.1.6",
			"resolved": "https://registry.npmjs.org/glob/-/glob-7.1.6.tgz",
			"integrity": "sha512-LwaxwyZ72Lk7vZINtNNrywX0ZuLyStrdDtabefZKAY5ZGJhVtgdznluResxNmPitE0SAO+O26sWTHeKSI2wMBA==",
			"dev": true,
			"requires": {
				"fs.realpath": "^1.0.0",
				"inflight": "^1.0.4",
				"inherits": "2",
				"minimatch": "^3.0.4",
				"once": "^1.3.0",
				"path-is-absolute": "^1.0.0"
			}
		},
		"glob-parent": {
			"version": "5.1.2",
			"resolved": "https://registry.npmjs.org/glob-parent/-/glob-parent-5.1.2.tgz",
			"integrity": "sha512-AOIgSQCepiJYwP3ARnGx+5VnTu2HBYdzbGP45eLw1vr3zB3vZLeyed1sC9hnbcOc9/SrMyM5RPQrkGz4aS9Zow==",
			"dev": true,
			"requires": {
				"is-glob": "^4.0.1"
			}
		},
		"growl": {
			"version": "1.10.5",
			"resolved": "https://registry.npmjs.org/growl/-/growl-1.10.5.tgz",
			"integrity": "sha512-qBr4OuELkhPenW6goKVXiv47US3clb3/IbuWF9KNKEijAy9oeHxU9IgzjvJhHkUzhaj7rOUD7+YGWqUjLp5oSA==",
			"dev": true
		},
		"has-flag": {
			"version": "4.0.0",
			"resolved": "https://registry.npmjs.org/has-flag/-/has-flag-4.0.0.tgz",
			"integrity": "sha512-EykJT/Q1KjTWctppgIAgfSO0tKVuZUjhgMr17kqTumMl6Afv3EISleU7qZUzoXDFTAHTDC4NOoG/ZxU3EvlMPQ==",
			"dev": true
		},
		"he": {
			"version": "1.2.0",
			"resolved": "https://registry.npmjs.org/he/-/he-1.2.0.tgz",
			"integrity": "sha512-F/1DnUGPopORZi0ni+CvrCgHQ5FyEAHRLSApuYWMmrbSwoN2Mn/7k+Gl38gJnR7yyDZk6WLXwiGod1JOWNDKGw==",
			"dev": true
		},
		"http-proxy-agent": {
			"version": "2.1.0",
			"resolved": "https://registry.npmjs.org/http-proxy-agent/-/http-proxy-agent-2.1.0.tgz",
			"integrity": "sha512-qwHbBLV7WviBl0rQsOzH6o5lwyOIvwp/BdFnvVxXORldu5TmjFfjzBcWUWS5kWAZhmv+JtiDhSuQCp4sBfbIgg==",
			"dev": true,
			"requires": {
				"agent-base": "4",
				"debug": "3.1.0"
			},
			"dependencies": {
				"debug": {
					"version": "3.1.0",
					"resolved": "https://registry.npmjs.org/debug/-/debug-3.1.0.tgz",
					"integrity": "sha512-OX8XqP7/1a9cqkxYw2yXss15f26NKWBpDXQd0/uK/KPqdQhxbPa994hnzjcE2VqQpDslf55723cKPUOGSmMY3g==",
					"dev": true,
					"requires": {
						"ms": "2.0.0"
					}
				},
				"ms": {
					"version": "2.0.0",
					"resolved": "https://registry.npmjs.org/ms/-/ms-2.0.0.tgz",
					"integrity": "sha1-VgiurfwAvmwpAd9fmGF4jeDVl8g=",
					"dev": true
				}
			}
		},
		"https-proxy-agent": {
			"version": "2.2.4",
			"resolved": "https://registry.npmjs.org/https-proxy-agent/-/https-proxy-agent-2.2.4.tgz",
			"integrity": "sha512-OmvfoQ53WLjtA9HeYP9RNrWMJzzAz1JGaSFr1nijg0PVR1JaD/xbJq1mdEIIlxGpXp9eSe/O2LgU9DJmTPd0Eg==",
			"dev": true,
			"requires": {
				"agent-base": "^4.3.0",
				"debug": "^3.1.0"
			},
			"dependencies": {
				"debug": {
					"version": "3.2.6",
					"resolved": "https://registry.npmjs.org/debug/-/debug-3.2.6.tgz",
					"integrity": "sha512-mel+jf7nrtEl5Pn1Qx46zARXKDpBbvzezse7p7LqINmdoIk8PYP5SySaxEmYv6TZ0JyEKA1hsCId6DIhgITtWQ==",
					"dev": true,
					"requires": {
						"ms": "^2.1.1"
					}
				}
			}
		},
		"inflight": {
			"version": "1.0.6",
			"resolved": "https://registry.npmjs.org/inflight/-/inflight-1.0.6.tgz",
			"integrity": "sha1-Sb1jMdfQLQwJvJEKEHW6gWW1bfk=",
			"dev": true,
			"requires": {
				"once": "^1.3.0",
				"wrappy": "1"
			}
		},
		"inherits": {
			"version": "2.0.4",
			"resolved": "https://registry.npmjs.org/inherits/-/inherits-2.0.4.tgz",
			"integrity": "sha512-k/vGaX4/Yla3WzyMCvTQOXYeIHvqOKtnqBduzTHpzpQZzAskKMhZ2K+EnBiSM9zGSoIFeMpXKxa4dYeZIQqewQ==",
			"dev": true
		},
		"is-binary-path": {
			"version": "2.1.0",
			"resolved": "https://registry.npmjs.org/is-binary-path/-/is-binary-path-2.1.0.tgz",
			"integrity": "sha512-ZMERYes6pDydyuGidse7OsHxtbI7WVeUEozgR/g7rd0xUimYNlvZRE/K2MgZTjWy725IfelLeVcEM97mmtRGXw==",
			"dev": true,
			"requires": {
				"binary-extensions": "^2.0.0"
			}
		},
		"is-extglob": {
			"version": "2.1.1",
			"resolved": "https://registry.npmjs.org/is-extglob/-/is-extglob-2.1.1.tgz",
			"integrity": "sha1-qIwCU1eR8C7TfHahueqXc8gz+MI=",
			"dev": true
		},
		"is-fullwidth-code-point": {
			"version": "3.0.0",
			"resolved": "https://registry.npmjs.org/is-fullwidth-code-point/-/is-fullwidth-code-point-3.0.0.tgz",
			"integrity": "sha512-zymm5+u+sCsSWyD9qNaejV3DFvhCKclKdizYaJUuHA83RLjb7nSuGnddCHGv0hk+KY7BMAlsWeK4Ueg6EV6XQg==",
			"dev": true
		},
		"is-glob": {
			"version": "4.0.3",
			"resolved": "https://registry.npmjs.org/is-glob/-/is-glob-4.0.3.tgz",
			"integrity": "sha512-xelSayHH36ZgE7ZWhli7pW34hNbNl8Ojv5KVmkJD4hBdD3th8Tfk9vYasLM+mXWOZhFkgZfxhLSnrwRr4elSSg==",
			"dev": true,
			"requires": {
				"is-extglob": "^2.1.1"
			}
		},
		"is-number": {
			"version": "7.0.0",
			"resolved": "https://registry.npmjs.org/is-number/-/is-number-7.0.0.tgz",
			"integrity": "sha512-41Cifkg6e8TylSpdtTpeLVMqvSBEVzTttHvERD741+pnZ8ANv0004MRL43QKPDlK9cGvNp6NZWZUBlbGXYxxng==",
			"dev": true
		},
		"is-plain-obj": {
			"version": "2.1.0",
			"resolved": "https://registry.npmjs.org/is-plain-obj/-/is-plain-obj-2.1.0.tgz",
			"integrity": "sha512-YWnfyRwxL/+SsrWYfOpUtz5b3YD+nyfkHvjbcanzk8zgyO4ASD67uVMRt8k5bM4lLMDnXfriRhOpemw+NfT1eA==",
			"dev": true
		},
		"is-unicode-supported": {
			"version": "0.1.0",
			"resolved": "https://registry.npmjs.org/is-unicode-supported/-/is-unicode-supported-0.1.0.tgz",
			"integrity": "sha512-knxG2q4UC3u8stRGyAVJCOdxFmv5DZiRcdlIaAQXAbSfJya+OhopNotLQrstBhququ4ZpuKbDc/8S6mgXgPFPw==",
			"dev": true
		},
		"isexe": {
			"version": "2.0.0",
			"resolved": "https://registry.npmjs.org/isexe/-/isexe-2.0.0.tgz",
			"integrity": "sha1-6PvzdNxVb/iUehDcsFctYz8s+hA=",
			"dev": true
		},
		"js-yaml": {
			"version": "4.1.0",
			"resolved": "https://registry.npmjs.org/js-yaml/-/js-yaml-4.1.0.tgz",
			"integrity": "sha512-wpxZs9NoxZaJESJGIZTyDEaYpl0FKSA+FB9aJiyemKhMwkxQg63h4T1KJgUGHpTqPDNRcmmYLugrRjJlBtWvRA==",
			"dev": true,
			"requires": {
				"argparse": "^2.0.1"
			}
		},
		"jsonc-parser": {
			"version": "3.0.0",
			"resolved": "https://registry.npmjs.org/jsonc-parser/-/jsonc-parser-3.0.0.tgz",
			"integrity": "sha512-fQzRfAbIBnR0IQvftw9FJveWiHp72Fg20giDrHz6TdfB12UH/uue0D3hm57UB5KgAVuniLMCaS8P1IMj9NR7cA=="
		},
		"locate-path": {
			"version": "6.0.0",
			"resolved": "https://registry.npmjs.org/locate-path/-/locate-path-6.0.0.tgz",
			"integrity": "sha512-iPZK6eYjbxRu3uB4/WZ3EsEIMJFMqAoopl3R+zuq0UjcAm/MO6KCweDgPfP3elTztoKP3KtnVHxTn2NHBSDVUw==",
			"dev": true,
			"requires": {
				"p-locate": "^5.0.0"
			}
		},
		"log-symbols": {
			"version": "4.1.0",
			"resolved": "https://registry.npmjs.org/log-symbols/-/log-symbols-4.1.0.tgz",
			"integrity": "sha512-8XPvpAA8uyhfteu8pIvQxpJZ7SYYdpUivZpGy6sFsBuKRY/7rQGavedeB8aK+Zkyq6upMFVL/9AW6vOYzfRyLg==",
			"dev": true,
			"requires": {
				"chalk": "^4.1.0",
				"is-unicode-supported": "^0.1.0"
			}
		},
		"lru-cache": {
			"version": "6.0.0",
			"resolved": "https://registry.npmjs.org/lru-cache/-/lru-cache-6.0.0.tgz",
			"integrity": "sha512-Jo6dJ04CmSjuznwJSS3pUeWmd/H0ffTlkXXgwZi+eq1UCmqQwCh+eLsYOYCwY991i2Fah4h1BEMCx4qThGbsiA==",
			"requires": {
				"yallist": "^4.0.0"
			}
		},
		"minimatch": {
			"version": "3.0.4",
			"resolved": "https://registry.npmjs.org/minimatch/-/minimatch-3.0.4.tgz",
			"integrity": "sha512-yJHVQEhyqPLUTgt9B83PXu6W3rx4MvvHvSUvToogpwoGDOUQ+yDrR0HRot+yOCdCO7u4hX3pWft6kWBBcqh0UA==",
			"requires": {
				"brace-expansion": "^1.1.7"
			}
		},
		"minimist": {
			"version": "1.2.5",
			"resolved": "https://registry.npmjs.org/minimist/-/minimist-1.2.5.tgz",
			"integrity": "sha512-FM9nNUYrRBAELZQT3xeZQ7fmMOBg6nWNmJKTcgsJeaLstP/UODVpGsr5OhXhhXg6f+qtJ8uiZ+PUxkDWcgIXLw=="
		},
		"mkdirp": {
			"version": "0.5.5",
			"resolved": "https://registry.npmjs.org/mkdirp/-/mkdirp-0.5.5.tgz",
			"integrity": "sha512-NKmAlESf6jMGym1++R0Ra7wvhV+wFW63FaSOFPwRahvea0gMUcGUhVeAg/0BC0wiv9ih5NYPB1Wn1UEI1/L+xQ==",
			"requires": {
				"minimist": "^1.2.5"
			}
		},
		"mocha": {
			"version": "9.1.2",
			"resolved": "https://registry.npmjs.org/mocha/-/mocha-9.1.2.tgz",
			"integrity": "sha512-ta3LtJ+63RIBP03VBjMGtSqbe6cWXRejF9SyM9Zyli1CKZJZ+vfCTj3oW24V7wAphMJdpOFLoMI3hjJ1LWbs0w==",
			"dev": true,
			"requires": {
				"@ungap/promise-all-settled": "1.1.2",
				"ansi-colors": "4.1.1",
				"browser-stdout": "1.3.1",
				"chokidar": "3.5.2",
				"debug": "4.3.2",
				"diff": "5.0.0",
				"escape-string-regexp": "4.0.0",
				"find-up": "5.0.0",
				"glob": "7.1.7",
				"growl": "1.10.5",
				"he": "1.2.0",
				"js-yaml": "4.1.0",
				"log-symbols": "4.1.0",
				"minimatch": "3.0.4",
				"ms": "2.1.3",
				"nanoid": "3.1.25",
				"serialize-javascript": "6.0.0",
				"strip-json-comments": "3.1.1",
				"supports-color": "8.1.1",
				"which": "2.0.2",
				"workerpool": "6.1.5",
				"yargs": "16.2.0",
				"yargs-parser": "20.2.4",
				"yargs-unparser": "2.0.0"
			},
			"dependencies": {
				"glob": {
					"version": "7.1.7",
					"resolved": "https://registry.npmjs.org/glob/-/glob-7.1.7.tgz",
					"integrity": "sha512-OvD9ENzPLbegENnYP5UUfJIirTg4+XwMWGaQfQTY0JenxNvvIKP3U3/tAQSPIu/lHxXYSZmpXlUHeqAIdKzBLQ==",
					"dev": true,
					"requires": {
						"fs.realpath": "^1.0.0",
						"inflight": "^1.0.4",
						"inherits": "2",
						"minimatch": "^3.0.4",
						"once": "^1.3.0",
						"path-is-absolute": "^1.0.0"
					}
				},
				"ms": {
					"version": "2.1.3",
					"resolved": "https://registry.npmjs.org/ms/-/ms-2.1.3.tgz",
					"integrity": "sha512-6FlzubTLZG3J2a/NVCAleEhjzq5oxgHyaCU9yYXvcLsvoVaHJq/s5xXI6/XXP6tz7R9xAOtHnSO/tXtF3WRTlA==",
					"dev": true
				}
			}
		},
		"ms": {
			"version": "2.1.2",
			"resolved": "https://registry.npmjs.org/ms/-/ms-2.1.2.tgz",
			"integrity": "sha512-sGkPx+VjMtmA6MX27oA4FBFELFCZZ4S4XqeGOXCv68tT+jb3vk/RyaKWP0PTKyWtmLSM0b+adUTEvbs1PEaH2w==",
			"dev": true
		},
		"nanoid": {
			"version": "3.1.25",
			"resolved": "https://registry.npmjs.org/nanoid/-/nanoid-3.1.25.tgz",
			"integrity": "sha512-rdwtIXaXCLFAQbnfqDRnI6jaRHp9fTcYBjtFKE8eezcZ7LuLjhUaQGNeMXf1HmRoCH32CLz6XwX0TtxEOS/A3Q==",
			"dev": true
		},
		"normalize-path": {
			"version": "3.0.0",
			"resolved": "https://registry.npmjs.org/normalize-path/-/normalize-path-3.0.0.tgz",
			"integrity": "sha512-6eZs5Ls3WtCisHWp9S2GUy8dqkpGi4BVSz3GaqiE6ezub0512ESztXUwUB6C6IKbQkY2Pnb/mD4WYojCRwcwLA==",
			"dev": true
		},
		"once": {
			"version": "1.4.0",
			"resolved": "https://registry.npmjs.org/once/-/once-1.4.0.tgz",
			"integrity": "sha1-WDsap3WWHUsROsF9nFC6753Xa9E=",
			"dev": true,
			"requires": {
				"wrappy": "1"
			}
		},
		"p-limit": {
			"version": "3.1.0",
			"resolved": "https://registry.npmjs.org/p-limit/-/p-limit-3.1.0.tgz",
			"integrity": "sha512-TYOanM3wGwNGsZN2cVTYPArw454xnXj5qmWF1bEoAc4+cU/ol7GVh7odevjp1FNHduHc3KZMcFduxU5Xc6uJRQ==",
			"dev": true,
			"requires": {
				"yocto-queue": "^0.1.0"
			}
		},
		"p-locate": {
			"version": "5.0.0",
			"resolved": "https://registry.npmjs.org/p-locate/-/p-locate-5.0.0.tgz",
			"integrity": "sha512-LaNjtRWUBY++zB5nE/NwcaoMylSPk+S+ZHNB1TzdbMJMny6dynpAGt7X/tl/QYq3TIeE6nxHppbo2LGymrG5Pw==",
			"dev": true,
			"requires": {
				"p-limit": "^3.0.2"
			}
		},
		"path-exists": {
			"version": "4.0.0",
			"resolved": "https://registry.npmjs.org/path-exists/-/path-exists-4.0.0.tgz",
			"integrity": "sha512-ak9Qy5Q7jYb2Wwcey5Fpvg2KoAc/ZIhLSLOSBmRmygPsGwkVVt0fZa0qrtMz+m6tJTAHfZQ8FnmB4MG4LWy7/w==",
			"dev": true
		},
		"path-is-absolute": {
			"version": "1.0.1",
			"resolved": "https://registry.npmjs.org/path-is-absolute/-/path-is-absolute-1.0.1.tgz",
			"integrity": "sha1-F0uSaHNVNP+8es5r9TpanhtcX18=",
			"dev": true
		},
		"picomatch": {
			"version": "2.3.0",
			"resolved": "https://registry.npmjs.org/picomatch/-/picomatch-2.3.0.tgz",
			"integrity": "sha512-lY1Q/PiJGC2zOv/z391WOTD+Z02bCgsFfvxoXXf6h7kv9o+WmsmzYqrAwY63sNgOxE4xEdq0WyUnXfKeBrSvYw==",
			"dev": true
		},
		"ps-node": {
			"version": "0.1.6",
			"resolved": "https://registry.npmjs.org/ps-node/-/ps-node-0.1.6.tgz",
			"integrity": "sha1-mvZ6mdex0BMuUaUDCZ04qNKs4sM=",
			"dev": true,
			"requires": {
				"table-parser": "^0.1.3"
			}
		},
		"randombytes": {
			"version": "2.1.0",
			"resolved": "https://registry.npmjs.org/randombytes/-/randombytes-2.1.0.tgz",
			"integrity": "sha512-vYl3iOX+4CKUWuxGi9Ukhie6fsqXqS9FE2Zaic4tNFD2N2QQaXOMFbuKK4QmDHC0JO6B1Zp41J0LpT0oR68amQ==",
			"dev": true,
			"requires": {
				"safe-buffer": "^5.1.0"
			}
		},
		"readdirp": {
			"version": "3.6.0",
			"resolved": "https://registry.npmjs.org/readdirp/-/readdirp-3.6.0.tgz",
			"integrity": "sha512-hOS089on8RduqdbhvQ5Z37A0ESjsqz6qnRcffsMU3495FuTdqSm+7bhJ29JvIOsBDEEnan5DPu9t3To9VRlMzA==",
			"dev": true,
			"requires": {
				"picomatch": "^2.2.1"
			}
		},
		"require-directory": {
			"version": "2.1.1",
			"resolved": "https://registry.npmjs.org/require-directory/-/require-directory-2.1.1.tgz",
			"integrity": "sha1-jGStX9MNqxyXbiNE/+f3kqam30I=",
			"dev": true
		},
		"rimraf": {
			"version": "2.6.3",
			"resolved": "https://registry.npmjs.org/rimraf/-/rimraf-2.6.3.tgz",
			"integrity": "sha512-mwqeW5XsA2qAejG46gYdENaxXjx9onRNCfn7L0duuP4hCuTIi/QO7PDK07KJfp1d+izWPrzEJDcSqBa0OZQriA==",
			"dev": true,
			"requires": {
				"glob": "^7.1.3"
			}
		},
		"safe-buffer": {
			"version": "5.2.1",
			"resolved": "https://registry.npmjs.org/safe-buffer/-/safe-buffer-5.2.1.tgz",
			"integrity": "sha512-rp3So07KcdmmKbGvgaNxQSJr7bGVSVk5S9Eq1F+ppbRo70+YeaDxkw5Dd8NPN+GD6bjnYm2VuPuCXmpuYvmCXQ==",
			"dev": true
		},
		"semver": {
			"version": "7.3.5",
			"resolved": "https://registry.npmjs.org/semver/-/semver-7.3.5.tgz",
			"integrity": "sha512-PoeGJYh8HK4BTO/a9Tf6ZG3veo/A7ZVsYrSA6J8ny9nb3B1VrpkuN+z9OE5wfE5p6H4LchYZsegiQgbJD94ZFQ==",
			"requires": {
				"lru-cache": "^6.0.0"
			}
		},
		"serialize-javascript": {
			"version": "6.0.0",
			"resolved": "https://registry.npmjs.org/serialize-javascript/-/serialize-javascript-6.0.0.tgz",
			"integrity": "sha512-Qr3TosvguFt8ePWqsvRfrKyQXIiW+nGbYpy8XK24NQHE83caxWt+mIymTT19DGFbNWNLfEwsrkSmN64lVWB9ag==",
			"dev": true,
			"requires": {
				"randombytes": "^2.1.0"
			}
		},
		"string-width": {
			"version": "4.2.3",
			"resolved": "https://registry.npmjs.org/string-width/-/string-width-4.2.3.tgz",
			"integrity": "sha512-wKyQRQpjJ0sIp62ErSZdGsjMJWsap5oRNihHhu6G7JVO/9jIB6UyevL+tXuOqrng8j/cxKTWyWUwvSTriiZz/g==",
			"dev": true,
			"requires": {
				"emoji-regex": "^8.0.0",
				"is-fullwidth-code-point": "^3.0.0",
				"strip-ansi": "^6.0.1"
			}
		},
		"strip-ansi": {
			"version": "6.0.1",
			"resolved": "https://registry.npmjs.org/strip-ansi/-/strip-ansi-6.0.1.tgz",
			"integrity": "sha512-Y38VPSHcqkFrCpFnQ9vuSXmquuv5oXOKpGeT6aGrr3o3Gc9AlVa6JBfUSOCnbxGGZF+/0ooI7KrPuUSztUdU5A==",
			"dev": true,
			"requires": {
				"ansi-regex": "^5.0.1"
			}
		},
		"strip-json-comments": {
			"version": "3.1.1",
			"resolved": "https://registry.npmjs.org/strip-json-comments/-/strip-json-comments-3.1.1.tgz",
			"integrity": "sha512-6fPc+R4ihwqP6N/aIv2f1gMH8lOVtWQHoqC4yK6oSDVVocumAsfCqjkXnqiYMhmMwS/mEHLp7Vehlt3ql6lEig==",
			"dev": true
		},
		"supports-color": {
			"version": "8.1.1",
			"resolved": "https://registry.npmjs.org/supports-color/-/supports-color-8.1.1.tgz",
			"integrity": "sha512-MpUEN2OodtUzxvKQl72cUF7RQ5EiHsGvSsVG0ia9c5RbWGL2CI4C7EpPS8UTBIplnlzZiNuV56w+FuNxy3ty2Q==",
			"dev": true,
			"requires": {
				"has-flag": "^4.0.0"
			}
		},
		"table-parser": {
			"version": "0.1.3",
			"resolved": "https://registry.npmjs.org/table-parser/-/table-parser-0.1.3.tgz",
			"integrity": "sha1-BEHPzhallIFoTCfRtaZ/8VpDx7A=",
			"dev": true,
			"requires": {
				"connected-domain": "^1.0.0"
			}
		},
		"to-regex-range": {
			"version": "5.0.1",
			"resolved": "https://registry.npmjs.org/to-regex-range/-/to-regex-range-5.0.1.tgz",
			"integrity": "sha512-65P7iz6X5yEr1cwcgvQxbbIw7Uk3gOy5dIdtZ4rDveLqhrdJP+Li/Hx6tyK0NEb+2GCyneCMJiGqrADCSNk8sQ==",
			"dev": true,
			"requires": {
				"is-number": "^7.0.0"
			}
		},
		"typescript": {
			"version": "3.9.7",
			"resolved": "https://registry.npmjs.org/typescript/-/typescript-3.9.7.tgz",
			"integrity": "sha512-BLbiRkiBzAwsjut4x/dsibSTB6yWpwT5qWmC2OfuCg3GgVQCSgMs4vEctYPhsaGtd0AeuuHMkjZ2h2WG8MSzRw==",
			"dev": true
		},
		"vscode-debugadapter": {
			"version": "1.42.1",
			"resolved": "https://registry.npmjs.org/vscode-debugadapter/-/vscode-debugadapter-1.42.1.tgz",
			"integrity": "sha512-bICDB8mxReU2kGL13ftjNqeInYtVN3zpRdZKjRZHCpXC/mofrdaj9KRlJsALwcUNivMA9S/LwTZ2n+ros3X0jg==",
			"requires": {
				"mkdirp": "^0.5.5",
				"vscode-debugprotocol": "1.42.0"
			}
		},
		"vscode-debugprotocol": {
			"version": "1.42.0",
			"resolved": "https://registry.npmjs.org/vscode-debugprotocol/-/vscode-debugprotocol-1.42.0.tgz",
			"integrity": "sha512-nVsfVCat9FZlOso5SYB1LQQiFGifTyOALpkpJdudDlRXGTpI3mSFiDYXWaoFm7UcfqTOzn1SC7Hqw4d89btT0w=="
		},
		"vscode-jsonrpc": {
			"version": "6.0.0",
			"resolved": "https://registry.npmjs.org/vscode-jsonrpc/-/vscode-jsonrpc-6.0.0.tgz",
			"integrity": "sha512-wnJA4BnEjOSyFMvjZdpiOwhSq9uDoK8e/kpRJDTaMYzwlkrhG1fwDIZI94CLsLzlCK5cIbMMtFlJlfR57Lavmg=="
		},
		"vscode-languageclient": {
			"version": "7.0.0",
			"resolved": "https://registry.npmjs.org/vscode-languageclient/-/vscode-languageclient-7.0.0.tgz",
			"integrity": "sha512-P9AXdAPlsCgslpP9pRxYPqkNYV7Xq8300/aZDpO35j1fJm/ncize8iGswzYlcvFw5DQUx4eVk+KvfXdL0rehNg==",
			"requires": {
				"minimatch": "^3.0.4",
				"semver": "^7.3.4",
				"vscode-languageserver-protocol": "3.16.0"
			}
		},
		"vscode-languageserver-protocol": {
			"version": "3.16.0",
			"resolved": "https://registry.npmjs.org/vscode-languageserver-protocol/-/vscode-languageserver-protocol-3.16.0.tgz",
			"integrity": "sha512-sdeUoAawceQdgIfTI+sdcwkiK2KU+2cbEYA0agzM2uqaUy2UpnnGHtWTHVEtS0ES4zHU0eMFRGN+oQgDxlD66A==",
			"requires": {
				"vscode-jsonrpc": "6.0.0",
				"vscode-languageserver-types": "3.16.0"
			}
		},
		"vscode-languageserver-types": {
			"version": "3.16.0",
			"resolved": "https://registry.npmjs.org/vscode-languageserver-types/-/vscode-languageserver-types-3.16.0.tgz",
			"integrity": "sha512-k8luDIWJWyenLc5ToFQQMaSrqCHiLwyKPHKPQZ5zz21vM+vIVUSvsRpcbiECH4WR88K2XZqc4ScRcZ7nk/jbeA=="
		},
		"vscode-test": {
			"version": "1.4.0",
			"resolved": "https://registry.npmjs.org/vscode-test/-/vscode-test-1.4.0.tgz",
			"integrity": "sha512-Jt7HNGvSE0+++Tvtq5wc4hiXLIr2OjDShz/gbAfM/mahQpy4rKBnmOK33D+MR67ATWviQhl+vpmU3p/qwSH/Pg==",
			"dev": true,
			"requires": {
				"http-proxy-agent": "^2.1.0",
				"https-proxy-agent": "^2.2.4",
				"rimraf": "^2.6.3"
			}
		},
		"which": {
			"version": "2.0.2",
			"resolved": "https://registry.npmjs.org/which/-/which-2.0.2.tgz",
			"integrity": "sha512-BLI3Tl1TW3Pvl70l3yq3Y64i+awpwXqsGBYWkkqMtnbXgrMD+yj7rhW0kuEDxzJaYXGjEW5ogapKNMEKNMjibA==",
			"dev": true,
			"requires": {
				"isexe": "^2.0.0"
			}
		},
		"workerpool": {
			"version": "6.1.5",
			"resolved": "https://registry.npmjs.org/workerpool/-/workerpool-6.1.5.tgz",
			"integrity": "sha512-XdKkCK0Zqc6w3iTxLckiuJ81tiD/o5rBE/m+nXpRCB+/Sq4DqkfXZ/x0jW02DG1tGsfUGXbTJyZDP+eu67haSw==",
			"dev": true
		},
		"wrap-ansi": {
			"version": "7.0.0",
			"resolved": "https://registry.npmjs.org/wrap-ansi/-/wrap-ansi-7.0.0.tgz",
			"integrity": "sha512-YVGIj2kamLSTxw6NsZjoBxfSwsn0ycdesmc4p+Q21c5zPuZ1pl+NfxVdxPtdHvmNVOQ6XSYG4AUtyt/Fi7D16Q==",
			"dev": true,
			"requires": {
				"ansi-styles": "^4.0.0",
				"string-width": "^4.1.0",
				"strip-ansi": "^6.0.0"
			}
		},
		"wrappy": {
			"version": "1.0.2",
			"resolved": "https://registry.npmjs.org/wrappy/-/wrappy-1.0.2.tgz",
			"integrity": "sha1-tSQ9jz7BqjXxNkYFvA0QNuMKtp8=",
			"dev": true
		},
		"y18n": {
			"version": "5.0.8",
			"resolved": "https://registry.npmjs.org/y18n/-/y18n-5.0.8.tgz",
			"integrity": "sha512-0pfFzegeDWJHJIAmTLRP2DwHjdF5s7jo9tuztdQxAhINCdvS+3nGINqPd00AphqJR/0LhANUS6/+7SCb98YOfA==",
			"dev": true
		},
		"yallist": {
			"version": "4.0.0",
			"resolved": "https://registry.npmjs.org/yallist/-/yallist-4.0.0.tgz",
			"integrity": "sha512-3wdGidZyq5PB084XLES5TpOSRA3wjXAlIWMhum2kRcv/41Sn2emQ0dycQW4uZXLejwKvg6EsvbdlVL+FYEct7A=="
		},
		"yargs": {
			"version": "16.2.0",
			"resolved": "https://registry.npmjs.org/yargs/-/yargs-16.2.0.tgz",
			"integrity": "sha512-D1mvvtDG0L5ft/jGWkLpG1+m0eQxOfaBvTNELraWj22wSVUMWxZUvYgJYcKh6jGGIkJFhH4IZPQhR4TKpc8mBw==",
			"dev": true,
			"requires": {
				"cliui": "^7.0.2",
				"escalade": "^3.1.1",
				"get-caller-file": "^2.0.5",
				"require-directory": "^2.1.1",
				"string-width": "^4.2.0",
				"y18n": "^5.0.5",
				"yargs-parser": "^20.2.2"
			}
		},
		"yargs-parser": {
			"version": "20.2.4",
			"resolved": "https://registry.npmjs.org/yargs-parser/-/yargs-parser-20.2.4.tgz",
			"integrity": "sha512-WOkpgNhPTlE73h4VFAFsOnomJVaovO8VqLDzy5saChRBFQFBoMYirowyW+Q9HB4HFF4Z7VZTiG3iSzJJA29yRA==",
			"dev": true
		},
		"yargs-unparser": {
			"version": "2.0.0",
			"resolved": "https://registry.npmjs.org/yargs-unparser/-/yargs-unparser-2.0.0.tgz",
			"integrity": "sha512-7pRTIA9Qc1caZ0bZ6RYRGbHJthJWuakf+WmHK0rVeLkNrrGhfoabBNdue6kdINI6r4if7ocq9aD/n7xwKOdzOA==",
			"dev": true,
			"requires": {
				"camelcase": "^6.0.0",
				"decamelize": "^4.0.0",
				"flat": "^5.0.2",
				"is-plain-obj": "^2.1.0"
			}
		},
		"yocto-queue": {
			"version": "0.1.0",
			"resolved": "https://registry.npmjs.org/yocto-queue/-/yocto-queue-0.1.0.tgz",
			"integrity": "sha512-rVksvsnNCdJ/ohGc6xgPwyN8eheCxsiLM8mxuE/t/mOVqJewPuO1miLpTHQiRgTKCLexL4MeAFVagts7HmNZ2Q==",
			"dev": true
		}
	}
}
